# This file is autogenerated, do not edit; changes may be undone by the next 'dep ensure'.


[[projects]]
  name = "github.com/rsc/dt1-b"
  packages = ["B"]
  revision = "b61b490cc53a330e623fe31f70ef7b6708e519b6"
  version = "v1.0.0"

[solve-meta]
  analyzer-name = "dep"
  analyzer-version = 1
  inputs-digest = "e6a0d85cb3b25711a0834acb6d94453412b3af06593e11ddefca53c8ce0b4bd2"
  solver-name = "gps-cdcl"
  solver-version = 1
